
Microsoft Visual Studio Solution File, Format Version 12.00
# Visual Studio Version 17
VisualStudioVersion = 17.4.33103.184
MinimumVisualStudioVersion = 10.0.40219.1
Project("{FAE04EC0-301F-11D3-BF4B-00C04F79EFBC}") = "WpfBindingErrors", "WpfBindingErrors\WpfBindingErrors.csproj", "{E30119BF-06F8-4319-BFC7-A04FF05C50B9}"
EndProject
Global
	GlobalSection(SolutionConfigurationPlatforms) = preSolution
		Debug|Any CPU = Debug|Any CPU
		Release|Any CPU = Release|Any CPU
	EndGlobalSection
	GlobalSection(ProjectConfigurationPlatforms) = postSolution
		{E30119BF-06F8-4319-BFC7-A04FF05C50B9}.Debug|Any CPU.ActiveCfg = Debug|Any CPU
		{E30119BF-06F8-4319-BFC7-A04FF05C50B9}.Debug|Any CPU.Build.0 = Debug|Any CPU
		{E30119BF-06F8-4319-BFC7-A04FF05C50B9}.Release|Any CPU.ActiveCfg = Release|Any CPU
		{E30119BF-06F8-4319-BFC7-A04FF05C50B9}.Release|Any CPU.Build.0 = Release|Any CPU
	EndGlobalSection
	GlobalSection(SolutionProperties) = preSolution
		HideSolutionNode = FALSE
	EndGlobalSection
	GlobalSection(ExtensibilityGlobals) = postSolution
		SolutionGuid = {0BF6A084-8649-4CAE-A0E8-F17C2EC44ADB}
	EndGlobalSection
EndGlobal
